
Microsoft Visual Studio Solution File, Format Version 12.00
# Visual Studio Version 17
VisualStudioVersion = 17.2.32516.85
MinimumVisualStudioVersion = 10.0.40219.1
Project("{FAE04EC0-301F-11D3-BF4B-00C04F79EFBC}") = "BookTrackingApp", "BookTrackingApp\BookTrackingApp.csproj", "{68E0438D-6E2D-4EF7-958E-E528AB42B356}"
EndProject
Global
	GlobalSection(SolutionConfigurationPlatforms) = preSolution
		Debug|Any CPU = Debug|Any CPU
		Release|Any CPU = Release|Any CPU
	EndGlobalSection
	GlobalSection(ProjectConfigurationPlatforms) = postSolution
		{68E0438D-6E2D-4EF7-958E-E528AB42B356}.Debug|Any CPU.ActiveCfg = Debug|Any CPU
		{68E0438D-6E2D-4EF7-958E-E528AB42B356}.Debug|Any CPU.Build.0 = Debug|Any CPU
		{68E0438D-6E2D-4EF7-958E-E528AB42B356}.Release|Any CPU.ActiveCfg = Release|Any CPU
		{68E0438D-6E2D-4EF7-958E-E528AB42B356}.Release|Any CPU.Build.0 = Release|Any CPU
	EndGlobalSection
	GlobalSection(SolutionProperties) = preSolution
		HideSolutionNode = FALSE
	EndGlobalSection
	GlobalSection(ExtensibilityGlobals) = postSolution
		SolutionGuid = {D2E8EBC0-C950-4DBE-A301-B28FE3397C03}
	EndGlobalSection
EndGlobal
